<?xml version="1.0" encoding="UTF-8" standalone="yes" ?>
<CodeBlocks_project_file>
   <FileVersion major="1" minor="6" />
   <Project>
      <Option title="gtest" />
      <Option makefile_is_custom="1" />
      <Option compiler="gcc" />
      <Option virtualFolders="CMake Files\;CMake Files\gtest-1.7.0\;CMake Files\gtest-1.7.0\cmake\;" />
      <Build>
      <Target title="all">
         <Option working_dir="/home/aaron/ksundberg-CS6300/gtest-1.7.0" />
         <Option type="4" />
         <MakeCommands>
            <Build command="/usr/bin/make -f &quot;/home/aaron/ksundberg-CS6300/gtest-1.7.0/Makefile&quot;  VERBOSE=1 all" />
            <CompileFile command="/usr/bin/make -f &quot;/home/aaron/ksundberg-CS6300/gtest-1.7.0/Makefile&quot;  VERBOSE=1 &quot;$file&quot;" />
            <Clean command="/usr/bin/make -f &quot;/home/aaron/ksundberg-CS6300/gtest-1.7.0/Makefile&quot;  VERBOSE=1 clean" />
            <DistClean command="/usr/bin/make -f &quot;/home/aaron/ksundberg-CS6300/gtest-1.7.0/Makefile&quot;  VERBOSE=1 clean" />
         </MakeCommands>
      </Target>
      <Target title="gtest">
         <Option output="/home/aaron/ksundberg-CS6300/gtest-1.7.0/libgtest.a" prefix_auto="0" extension_auto="0" />
         <Option working_dir="/home/aaron/ksundberg-CS6300/gtest-1.7.0" />
         <Option object_output="./" />
         <Option type="2" />
         <Option compiler="gcc" />
         <Compiler>
            <Add directory="/home/aaron/ksundberg-CS6300/gtest-1.7.0" />
            <Add directory="/home/aaron/ksundberg-CS6300/gtest-1.7.0/include" />
         </Compiler>
         <MakeCommands>
            <Build command="/usr/bin/make -f &quot;/home/aaron/ksundberg-CS6300/gtest-1.7.0/Makefile&quot;  VERBOSE=1 gtest" />
            <CompileFile command="/usr/bin/make -f &quot;/home/aaron/ksundberg-CS6300/gtest-1.7.0/Makefile&quot;  VERBOSE=1 &quot;$file&quot;" />
            <Clean command="/usr/bin/make -f &quot;/home/aaron/ksundberg-CS6300/gtest-1.7.0/Makefile&quot;  VERBOSE=1 clean" />
            <DistClean command="/usr/bin/make -f &quot;/home/aaron/ksundberg-CS6300/gtest-1.7.0/Makefile&quot;  VERBOSE=1 clean" />
         </MakeCommands>
      </Target>
      <Target title="gtest/fast">
         <Option output="/home/aaron/ksundberg-CS6300/gtest-1.7.0/libgtest.a" prefix_auto="0" extension_auto="0" />
         <Option working_dir="/home/aaron/ksundberg-CS6300/gtest-1.7.0" />
         <Option object_output="./" />
         <Option type="2" />
         <Option compiler="gcc" />
         <Compiler>
            <Add directory="/home/aaron/ksundberg-CS6300/gtest-1.7.0" />
            <Add directory="/home/aaron/ksundberg-CS6300/gtest-1.7.0/include" />
         </Compiler>
         <MakeCommands>
            <Build command="/usr/bin/make -f &quot;/home/aaron/ksundberg-CS6300/gtest-1.7.0/Makefile&quot;  VERBOSE=1 gtest/fast" />
            <CompileFile command="/usr/bin/make -f &quot;/home/aaron/ksundberg-CS6300/gtest-1.7.0/Makefile&quot;  VERBOSE=1 &quot;$file&quot;" />
            <Clean command="/usr/bin/make -f &quot;/home/aaron/ksundberg-CS6300/gtest-1.7.0/Makefile&quot;  VERBOSE=1 clean" />
            <DistClean command="/usr/bin/make -f &quot;/home/aaron/ksundberg-CS6300/gtest-1.7.0/Makefile&quot;  VERBOSE=1 clean" />
         </MakeCommands>
      </Target>
      <Target title="gtest_main">
         <Option output="/home/aaron/ksundberg-CS6300/gtest-1.7.0/libgtest_main.a" prefix_auto="0" extension_auto="0" />
         <Option working_dir="/home/aaron/ksundberg-CS6300/gtest-1.7.0" />
         <Option object_output="./" />
         <Option type="2" />
         <Option compiler="gcc" />
         <Compiler>
            <Add directory="/home/aaron/ksundberg-CS6300/gtest-1.7.0" />
            <Add directory="/home/aaron/ksundberg-CS6300/gtest-1.7.0/include" />
         </Compiler>
         <MakeCommands>
            <Build command="/usr/bin/make -f &quot;/home/aaron/ksundberg-CS6300/gtest-1.7.0/Makefile&quot;  VERBOSE=1 gtest_main" />
            <CompileFile command="/usr/bin/make -f &quot;/home/aaron/ksundberg-CS6300/gtest-1.7.0/Makefile&quot;  VERBOSE=1 &quot;$file&quot;" />
            <Clean command="/usr/bin/make -f &quot;/home/aaron/ksundberg-CS6300/gtest-1.7.0/Makefile&quot;  VERBOSE=1 clean" />
            <DistClean command="/usr/bin/make -f &quot;/home/aaron/ksundberg-CS6300/gtest-1.7.0/Makefile&quot;  VERBOSE=1 clean" />
         </MakeCommands>
      </Target>
      <Target title="gtest_main/fast">
         <Option output="/home/aaron/ksundberg-CS6300/gtest-1.7.0/libgtest_main.a" prefix_auto="0" extension_auto="0" />
         <Option working_dir="/home/aaron/ksundberg-CS6300/gtest-1.7.0" />
         <Option object_output="./" />
         <Option type="2" />
         <Option compiler="gcc" />
         <Compiler>
            <Add directory="/home/aaron/ksundberg-CS6300/gtest-1.7.0" />
            <Add directory="/home/aaron/ksundberg-CS6300/gtest-1.7.0/include" />
         </Compiler>
         <MakeCommands>
            <Build command="/usr/bin/make -f &quot;/home/aaron/ksundberg-CS6300/gtest-1.7.0/Makefile&quot;  VERBOSE=1 gtest_main/fast" />
            <CompileFile command="/usr/bin/make -f &quot;/home/aaron/ksundberg-CS6300/gtest-1.7.0/Makefile&quot;  VERBOSE=1 &quot;$file&quot;" />
            <Clean command="/usr/bin/make -f &quot;/home/aaron/ksundberg-CS6300/gtest-1.7.0/Makefile&quot;  VERBOSE=1 clean" />
            <DistClean command="/usr/bin/make -f &quot;/home/aaron/ksundberg-CS6300/gtest-1.7.0/Makefile&quot;  VERBOSE=1 clean" />
         </MakeCommands>
      </Target>
      </Build>
      <Unit filename="/home/aaron/ksundberg-CS6300/gtest-1.7.0/src/gtest-all.cc">
      </Unit>
      <Unit filename="/home/aaron/ksundberg-CS6300/gtest-1.7.0/src/gtest_main.cc">
      </Unit>
      <Unit filename="/home/aaron/ksundberg-CS6300/CMakeLists.txt">
          <Option virtualFolder="CMake Files\" />
      </Unit>
      <Unit filename="/home/aaron/ksundberg-CS6300/gtest-1.7.0/CMakeLists.txt">
          <Option virtualFolder="CMake Files\gtest-1.7.0\" />
      </Unit>
      <Unit filename="/home/aaron/ksundberg-CS6300/gtest-1.7.0/CMakeLists.txt">
          <Option virtualFolder="CMake Files\gtest-1.7.0\" />
      </Unit>
      <Unit filename="/home/aaron/ksundberg-CS6300/gtest-1.7.0/cmake/internal_utils.cmake">
          <Option virtualFolder="CMake Files\gtest-1.7.0\cmake\" />
      </Unit>
      <Unit filename="/home/aaron/ksundberg-CS6300/gtest-1.7.0/cmake/internal_utils.cmake">
          <Option virtualFolder="CMake Files\gtest-1.7.0\cmake\" />
      </Unit>
   </Project>
</CodeBlocks_project_file>
